
Microsoft Visual Studio Solution File, Format Version 12.00
# Visual Studio 15
VisualStudioVersion = 15.0.28307.705
MinimumVisualStudioVersion = 10.0.40219.1
Project("{FAE04EC0-301F-11D3-BF4B-00C04F79EFBC}") = "Tweetbook", "Tweetbook\Tweetbook.csproj", "{B92A8D28-9AB5-4209-9340-7650C6DCAEBF}"
EndProject
Project("{FAE04EC0-301F-11D3-BF4B-00C04F79EFBC}") = "Tweetbook.IntegrationTests", "Tweetbook.IntegrationTests\Tweetbook.IntegrationTests.csproj", "{320B3479-CC5F-490A-B711-775376AD7872}"
EndProject
Project("{FAE04EC0-301F-11D3-BF4B-00C04F79EFBC}") = "Tweetbook.Sdk", "Tweetbook.Sdk\Tweetbook.Sdk.csproj", "{E09957E5-9B52-4CD2-892A-2222EC609AF3}"
EndProject
Project("{FAE04EC0-301F-11D3-BF4B-00C04F79EFBC}") = "Tweetbook.Sdk.Sample", "Tweetbook.Sdk.Sample\Tweetbook.Sdk.Sample.csproj", "{946BB5C0-8442-40EF-BFA5-CE93FD1328E7}"
EndProject
Project("{FAE04EC0-301F-11D3-BF4B-00C04F79EFBC}") = "Tweetbook.Contracts", "Tweetbook.Contracts\Tweetbook.Contracts.csproj", "{22A3BCA3-EC6B-4FBB-A585-33914ED1FE10}"
EndProject
Global
	GlobalSection(SolutionConfigurationPlatforms) = preSolution
		Debug|Any CPU = Debug|Any CPU
		Release|Any CPU = Release|Any CPU
	EndGlobalSection
	GlobalSection(ProjectConfigurationPlatforms) = postSolution
		{B92A8D28-9AB5-4209-9340-7650C6DCAEBF}.Debug|Any CPU.ActiveCfg = Debug|Any CPU
		{B92A8D28-9AB5-4209-9340-7650C6DCAEBF}.Debug|Any CPU.Build.0 = Debug|Any CPU
		{B92A8D28-9AB5-4209-9340-7650C6DCAEBF}.Release|Any CPU.ActiveCfg = Release|Any CPU
		{B92A8D28-9AB5-4209-9340-7650C6DCAEBF}.Release|Any CPU.Build.0 = Release|Any CPU
		{320B3479-CC5F-490A-B711-775376AD7872}.Debug|Any CPU.ActiveCfg = Debug|Any CPU
		{320B3479-CC5F-490A-B711-775376AD7872}.Debug|Any CPU.Build.0 = Debug|Any CPU
		{320B3479-CC5F-490A-B711-775376AD7872}.Release|Any CPU.ActiveCfg = Release|Any CPU
		{320B3479-CC5F-490A-B711-775376AD7872}.Release|Any CPU.Build.0 = Release|Any CPU
		{E09957E5-9B52-4CD2-892A-2222EC609AF3}.Debug|Any CPU.ActiveCfg = Debug|Any CPU
		{E09957E5-9B52-4CD2-892A-2222EC609AF3}.Debug|Any CPU.Build.0 = Debug|Any CPU
		{E09957E5-9B52-4CD2-892A-2222EC609AF3}.Release|Any CPU.ActiveCfg = Release|Any CPU
		{E09957E5-9B52-4CD2-892A-2222EC609AF3}.Release|Any CPU.Build.0 = Release|Any CPU
		{946BB5C0-8442-40EF-BFA5-CE93FD1328E7}.Debug|Any CPU.ActiveCfg = Debug|Any CPU
		{946BB5C0-8442-40EF-BFA5-CE93FD1328E7}.Debug|Any CPU.Build.0 = Debug|Any CPU
		{946BB5C0-8442-40EF-BFA5-CE93FD1328E7}.Release|Any CPU.ActiveCfg = Release|Any CPU
		{946BB5C0-8442-40EF-BFA5-CE93FD1328E7}.Release|Any CPU.Build.0 = Release|Any CPU
		{22A3BCA3-EC6B-4FBB-A585-33914ED1FE10}.Debug|Any CPU.ActiveCfg = Debug|Any CPU
		{22A3BCA3-EC6B-4FBB-A585-33914ED1FE10}.Debug|Any CPU.Build.0 = Debug|Any CPU
		{22A3BCA3-EC6B-4FBB-A585-33914ED1FE10}.Release|Any CPU.ActiveCfg = Release|Any CPU
		{22A3BCA3-EC6B-4FBB-A585-33914ED1FE10}.Release|Any CPU.Build.0 = Release|Any CPU
	EndGlobalSection
	GlobalSection(SolutionProperties) = preSolution
		HideSolutionNode = FALSE
	EndGlobalSection
	GlobalSection(ExtensibilityGlobals) = postSolution
		SolutionGuid = {9483ACF9-41BC-46A9-91B8-C498B22C59EE}
	EndGlobalSection
EndGlobal
